{
  "name": "itgold-contracts",
  "version": "1.0.0",
  "lockfileVersion": 1,
  "requires": true,
  "dependencies": {
    "@eversdk/core": {
      "version": "1.32.0",
      "resolved": "https://registry.npmjs.org/@eversdk/core/-/core-1.32.0.tgz",
      "integrity": "sha512-6MOjQ8+u4lBwgQJQXsB+D9ixSMeB4IoWiVN/Dpwmi6gXfdHINix6UFeL0ovz/VOrth/FSEwR/Q58Y/0hseDNag=="
    },
    "@eversdk/lib-node": {
      "version": "1.32.0",
      "resolved": "https://registry.npmjs.org/@eversdk/lib-node/-/lib-node-1.32.0.tgz",
      "integrity": "sha512-zTbGTdmss5l0u4jQ8EJGEhjgme1mELjbm8YJ22krF8Mr9MySqO/fREcVT6SQoI5PIYp/y8+4M1PJviDL2BNCQg=="
    }
  }
}
